<?xml version="1.0" encoding="utf-8"?>
<Project ToolsVersion="4.0" xmlns="http://schemas.microsoft.com/developer/msbuild/2003">
  <ItemGroup>
    <Filter Include="Source">
      <UniqueIdentifier>{4FC737F1-C7A5-4376-A066-2A32D752A2FF}</UniqueIdentifier>
      <Extensions>cpp;c;cc;cxx;def;odl;idl;hpj;bat;asm;asmx</Extensions>
    </Filter>
    <Filter Include="Resources">
      <UniqueIdentifier>{67DA6AB6-F800-4c08-8B7A-83BB121AAD01}</UniqueIdentifier>
      <Extensions>rc;ico;cur;bmp;dlg;rc2;rct;bin;rgs;gif;jpg;jpeg;jpe;resx;tiff;tif;png;wav;mfcribbon-ms</Extensions>
    </Filter>
    <Filter Include="Source\Http">
      <UniqueIdentifier>{08656d12-7561-4cb8-806e-0ec77efcec88}</UniqueIdentifier>
    </Filter>
    <Filter Include="Source\Tcp">
      <UniqueIdentifier>{7d67d9bf-d625-4515-a96b-015edd41f34a}</UniqueIdentifier>
    </Filter>
    <Filter Include="Source\Utilities">
      <UniqueIdentifier>{9d8cdde1-88a4-4446-a512-c84a60baa619}</UniqueIdentifier>
    </Filter>
    <Filter Include="Source\Communication">
      <UniqueIdentifier>{a1d15528-1c8d-4139-a5c7-9df93e3fea38}</UniqueIdentifier>
    </Filter>
    <Filter Include="Source\Core">
      <UniqueIdentifier>{0620c681-6ee8-463c-81b3-5f1110d0987e}</UniqueIdentifier>
    </Filter>
    <Filter Include="Source\Tests">
      <UniqueIdentifier>{289fe555-2d4d-4fa8-9f22-8c561b695fdc}</UniqueIdentifier>
    </Filter>
  </ItemGroup>
  <ItemGroup>
    <ClCompile Include="Core\PrecompiledHeader.cpp">
      <Filter>Source\Core</Filter>
    </ClCompile>
    <ClCompile Include="Core\Main.cpp">
      <Filter>Source\Core</Filter>
    </ClCompile>
    <ClCompile Include="Utilities\Utilities.cpp">
      <Filter>Source\Utilities</Filter>
    </ClCompile>
    <ClCompile Include="Utilities\StreamableFile.cpp">
      <Filter>Source\Utilities</Filter>
    </ClCompile>
    <ClCompile Include="Communication\ClientServerConnection.cpp">
      <Filter>Source\Communication</Filter>
    </ClCompile>
    <ClCompile Include="Communication\FileBrowserResponseHandler.cpp">
      <Filter>Source\Communication</Filter>
    </ClCompile>
    <ClCompile Include="Http\RestCommunicator.cpp">
      <Filter>Source\Http</Filter>
    </ClCompile>
    <ClCompile Include="Communication\AssetDatabase.cpp">
      <Filter>Source\Communication</Filter>
    </ClCompile>
    <ClCompile Include="Http\Request.cpp">
      <Filter>Source\Http</Filter>
    </ClCompile>
    <ClCompile Include="Http\Server.cpp">
      <Filter>Source\Http</Filter>
    </ClCompile>
    <ClCompile Include="Tcp\Listener.cpp">
      <Filter>Source\Tcp</Filter>
    </ClCompile>
    <ClCompile Include="Utilities\Initializer.cpp">
      <Filter>Source\Utilities</Filter>
    </ClCompile>
    <ClCompile Include="Tests\EncodingTests.cpp">
      <Filter>Source\Tests</Filter>
    </ClCompile>
    <ClCompile Include="Tests\FileSystemTests.cpp">
      <Filter>Source\Tests</Filter>
    </ClCompile>
    <ClCompile Include="Tests\LoggingTests.cpp">
      <Filter>Source\Tests</Filter>
    </ClCompile>
    <ClCompile Include="Core\ExportedFunctions.cpp">
      <Filter>Source\Core</Filter>
    </ClCompile>
    <ClCompile Include="Communication\SharedFiles.cpp">
      <Filter>Source\Communication</Filter>
    </ClCompile>
  </ItemGroup>
  <ItemGroup>
    <ClInclude Include="Utilities\Utilities.inl">
      <Filter>Source\Utilities</Filter>
    </ClInclude>
    <ClInclude Include="Utilities\Utilities.h">
      <Filter>Source\Utilities</Filter>
    </ClInclude>
    <ClInclude Include="Utilities\StreamableFile.h">
      <Filter>Source\Utilities</Filter>
    </ClInclude>
    <ClInclude Include="Utilities\CriticalSection.h">
      <Filter>Source\Utilities</Filter>
    </ClInclude>
    <ClInclude Include="Utilities\Event.h">
      <Filter>Source\Utilities</Filter>
    </ClInclude>
    <ClInclude Include="Communication\FileBrowserResponseHandler.h">
      <Filter>Source\Communication</Filter>
    </ClInclude>
    <ClInclude Include="Communication\ClientServerConnection.h">
      <Filter>Source\Communication</Filter>
    </ClInclude>
    <ClInclude Include="Http\RestCommunicator.h">
      <Filter>Source\Http</Filter>
    </ClInclude>
    <ClInclude Include="Communication\AssetDatabase.h">
      <Filter>Source\Communication</Filter>
    </ClInclude>
    <ClInclude Include="Http\Request.h">
      <Filter>Source\Http</Filter>
    </ClInclude>
    <ClInclude Include="Http\Server.h">
      <Filter>Source\Http</Filter>
    </ClInclude>
    <ClInclude Include="Tcp\Client.inl">
      <Filter>Source\Tcp</Filter>
    </ClInclude>
    <ClInclude Include="Tcp\Client.h">
      <Filter>Source\Tcp</Filter>
    </ClInclude>
    <ClInclude Include="Tcp\Listener.h">
      <Filter>Source\Tcp</Filter>
    </ClInclude>
    <ClInclude Include="Tcp\Listener.inl">
      <Filter>Source\Tcp</Filter>
    </ClInclude>
    <ClInclude Include="PrecompiledHeader.h">
      <Filter>Source\Core</Filter>
    </ClInclude>
    <ClInclude Include="Utilities\Initializer.h">
      <Filter>Source\Utilities</Filter>
    </ClInclude>
    <ClInclude Include="Communication\SharedFiles.h">
      <Filter>Source\Communication</Filter>
    </ClInclude>
  </ItemGroup>
  <ItemGroup>
    <None Include="Resources\scripts.js">
      <Filter>Resources</Filter>
    </None>
    <None Include="Resources\style.css">
      <Filter>Resources</Filter>
    </None>
  </ItemGroup>
</Project>